
Microsoft Visual Studio Solution File, Format Version 12.00
# Visual Studio Version 17
VisualStudioVersion = 17.8.34330.188
MinimumVisualStudioVersion = 10.0.40219.1
Project("{FAE04EC0-301F-11D3-BF4B-00C04F79EFBC}") = "Deposit", "Deposit\Deposit.csproj", "{C1A590C8-BA73-47D5-8EE4-5F0C2D04F46A}"
EndProject
Global
	GlobalSection(SolutionConfigurationPlatforms) = preSolution
		Debug|Any CPU = Debug|Any CPU
		Release|Any CPU = Release|Any CPU
	EndGlobalSection
	GlobalSection(ProjectConfigurationPlatforms) = postSolution
		{C1A590C8-BA73-47D5-8EE4-5F0C2D04F46A}.Debug|Any CPU.ActiveCfg = Debug|Any CPU
		{C1A590C8-BA73-47D5-8EE4-5F0C2D04F46A}.Debug|Any CPU.Build.0 = Debug|Any CPU
		{C1A590C8-BA73-47D5-8EE4-5F0C2D04F46A}.Release|Any CPU.ActiveCfg = Release|Any CPU
		{C1A590C8-BA73-47D5-8EE4-5F0C2D04F46A}.Release|Any CPU.Build.0 = Release|Any CPU
	EndGlobalSection
	GlobalSection(SolutionProperties) = preSolution
		HideSolutionNode = FALSE
	EndGlobalSection
	GlobalSection(ExtensibilityGlobals) = postSolution
		SolutionGuid = {D4ACB927-0A99-455B-AE60-EBEB6ED772DB}
	EndGlobalSection
EndGlobal
